
Microsoft Visual Studio Solution File, Format Version 12.00
# Visual Studio Version 16
VisualStudioVersion = 16.0.32002.261
MinimumVisualStudioVersion = 10.0.40219.1
Project("{FAE04EC0-301F-11D3-BF4B-00C04F79EFBC}") = "lab1_1", "lab1_1\lab1_1.csproj", "{4EEF4DB4-DCD6-47E3-9646-BDCC537B0994}"
EndProject
Global
	GlobalSection(SolutionConfigurationPlatforms) = preSolution
		Debug|Any CPU = Debug|Any CPU
		Release|Any CPU = Release|Any CPU
	EndGlobalSection
	GlobalSection(ProjectConfigurationPlatforms) = postSolution
		{4EEF4DB4-DCD6-47E3-9646-BDCC537B0994}.Debug|Any CPU.ActiveCfg = Debug|Any CPU
		{4EEF4DB4-DCD6-47E3-9646-BDCC537B0994}.Debug|Any CPU.Build.0 = Debug|Any CPU
		{4EEF4DB4-DCD6-47E3-9646-BDCC537B0994}.Release|Any CPU.ActiveCfg = Release|Any CPU
		{4EEF4DB4-DCD6-47E3-9646-BDCC537B0994}.Release|Any CPU.Build.0 = Release|Any CPU
	EndGlobalSection
	GlobalSection(SolutionProperties) = preSolution
		HideSolutionNode = FALSE
	EndGlobalSection
	GlobalSection(ExtensibilityGlobals) = postSolution
		SolutionGuid = {E5273CE2-0425-4E9C-B90B-3BA799BCAB8E}
	EndGlobalSection
EndGlobal
